
Microsoft Visual Studio Solution File, Format Version 12.00
# Visual Studio 14
VisualStudioVersion = 14.0.23107.0
MinimumVisualStudioVersion = 10.0.40219.1
Project("{FAE04EC0-301F-11D3-BF4B-00C04F79EFBC}") = "libnemesis", "libnemesis\libnemesis.csproj", "{560DB7D7-2C10-46F6-B0B2-BA675C33904F}"
EndProject
Project("{FAE04EC0-301F-11D3-BF4B-00C04F79EFBC}") = "NemesisTest", "NemesisTest\NemesisTest.csproj", "{64B0CA30-C5A0-46C4-9936-8758C13C6025}"
EndProject
Project("{FAE04EC0-301F-11D3-BF4B-00C04F79EFBC}") = "libnemesis.tests", "libnemesis.tests\libnemesis.tests.csproj", "{48F1B5C1-7076-44C1-B902-80649869DEDE}"
EndProject
Global
	GlobalSection(SolutionConfigurationPlatforms) = preSolution
		Debug|Any CPU = Debug|Any CPU
		Release|Any CPU = Release|Any CPU
	EndGlobalSection
	GlobalSection(ProjectConfigurationPlatforms) = postSolution
		{560DB7D7-2C10-46F6-B0B2-BA675C33904F}.Debug|Any CPU.ActiveCfg = Debug|Any CPU
		{560DB7D7-2C10-46F6-B0B2-BA675C33904F}.Debug|Any CPU.Build.0 = Debug|Any CPU
		{560DB7D7-2C10-46F6-B0B2-BA675C33904F}.Release|Any CPU.ActiveCfg = Release|Any CPU
		{560DB7D7-2C10-46F6-B0B2-BA675C33904F}.Release|Any CPU.Build.0 = Release|Any CPU
		{64B0CA30-C5A0-46C4-9936-8758C13C6025}.Debug|Any CPU.ActiveCfg = Debug|Any CPU
		{64B0CA30-C5A0-46C4-9936-8758C13C6025}.Debug|Any CPU.Build.0 = Debug|Any CPU
		{64B0CA30-C5A0-46C4-9936-8758C13C6025}.Release|Any CPU.ActiveCfg = Release|Any CPU
		{64B0CA30-C5A0-46C4-9936-8758C13C6025}.Release|Any CPU.Build.0 = Release|Any CPU
		{48F1B5C1-7076-44C1-B902-80649869DEDE}.Debug|Any CPU.ActiveCfg = Debug|Any CPU
		{48F1B5C1-7076-44C1-B902-80649869DEDE}.Debug|Any CPU.Build.0 = Debug|Any CPU
		{48F1B5C1-7076-44C1-B902-80649869DEDE}.Release|Any CPU.ActiveCfg = Release|Any CPU
		{48F1B5C1-7076-44C1-B902-80649869DEDE}.Release|Any CPU.Build.0 = Release|Any CPU
	EndGlobalSection
	GlobalSection(SolutionProperties) = preSolution
		HideSolutionNode = FALSE
	EndGlobalSection
EndGlobal
